{
  "name": "COVID19WebServer",
  "version": "1.0.0",
  "lockfileVersion": 1,
  "requires": true,
  "dependencies": {
    "map-expire": {
      "version": "1.0.2",
      "resolved": "https://registry.npmjs.org/map-expire/-/map-expire-1.0.2.tgz",
      "integrity": "sha512-JCpgOUVKQajRUKQPSVyEXNvP5an9phUuLhgaAf5R+NUUro31+E/PBYPtEvMNflJAJGx4kdk81c0+2mXUQ44D0Q=="
    }
  }
}
